{
  "version": 4,
  "terraform_version": "1.0.11",
  "serial": 9,
  "lineage": "8a72fedc-b59b-b8fe-9593-d9c7e9a01ec6",
  "outputs": {
    "ReverseProxyIpv4": {
      "value": "139.59.250.249",
      "type": "string"
    }
  },
  "resources": [
    {
      "mode": "data",
      "type": "digitalocean_ssh_key",
      "name": "my-key",
      "provider": "provider[\"registry.terraform.io/digitalocean/digitalocean\"]",
      "instances": [
        {
          "schema_version": 0,
          "attributes": {
            "fingerprint": "c3:cc:e2:63:f7:69:08:1c:b2:50:9d:e7:18:65:e0:43",
            "id": 32588643,
            "name": "myworkshop1key",
            "public_key": "ssh-rsa AAAAB3NzaC1yc2EAAAADAQABAAABgQC1wzaTbrVm9VbVA7osfzcd9X916Kd3bFawDWvNRnHzn117Ur9AeIYUmBX9EiwF3PsC3i7Oe8qxAe3gzvZoVwclXEqSOMM3N+5lzNaINOZh7/QHcuyBxAKNkMhaygRwzS/c1UxByr6G/DY7JqJIT3Q+voTvwv4LZdh3KgVAsKjB0G2PJ8P9t/DcUw+h4IBUn3kbIFllMhV0swtRCNcyyNSmS1u5AZAWUJvNq+n3htQ37wE8hX5c/OcSVGtJX9+U8JF24EoZz2eG0DLjBVSGRxPsFZBZZp/qI3MHXY9o9X3zaA3gfluVkaAv1Td0XdtwT2lSL4QRAGw3rgSrkrnD4ulEmikoVZqQJB6UTTTQR6twyNwEzoi6Pb5nZrep0Ee+R/QPC8Av23iD2HTaO4W5G+7yCA+oV9vW/FgK9TMdlgwQ/NyhepRQS/wF7QpS0JqUzBuZ9Cc9ka6goUXkJbfnh0FPUF8GgcGBKVbkJ4b8FQMSIbeL288qvA+6kuqcGqLJC2E= fred@ubuntu-s-2vcpu-2gb-sgp1-01"
          },
          "sensitive_attributes": []
        }
      ]
    },
    {
      "mode": "managed",
      "type": "digitalocean_droplet",
      "name": "my-droplet-from-terraform",
      "provider": "provider[\"registry.terraform.io/digitalocean/digitalocean\"]",
      "instances": [
        {
          "schema_version": 1,
          "attributes": {
            "backups": false,
            "created_at": "2021-12-09T06:27:45Z",
            "disk": 25,
            "droplet_agent": null,
            "graceful_shutdown": false,
            "id": "277123143",
            "image": "ubuntu-20-04-x64",
            "ipv4_address": "139.59.250.249",
            "ipv4_address_private": "10.104.0.3",
            "ipv6": false,
            "ipv6_address": "",
            "locked": false,
            "memory": 1024,
            "monitoring": false,
            "name": "mydropletfromterraform",
            "price_hourly": 0.00744,
            "price_monthly": 5,
            "private_networking": true,
            "region": "sgp1",
            "resize_disk": true,
            "size": "s-1vcpu-1gb",
            "ssh_keys": [
              "c3:cc:e2:63:f7:69:08:1c:b2:50:9d:e7:18:65:e0:43"
            ],
            "status": "active",
            "tags": null,
            "urn": "do:droplet:277123143",
            "user_data": null,
            "vcpus": 1,
            "volume_ids": [],
            "vpc_uuid": "bb678b91-73c2-474f-b7ce-de29025071cc"
          },
          "sensitive_attributes": [],
          "private": "eyJzY2hlbWFfdmVyc2lvbiI6IjEifQ==",
          "dependencies": [
            "data.digitalocean_ssh_key.my-key"
          ]
        }
      ]
    },
    {
      "mode": "managed",
      "type": "local_file",
      "name": "droplet_inventory_yaml",
      "provider": "provider[\"registry.terraform.io/hashicorp/local\"]",
      "instances": [
        {
          "schema_version": 0,
          "attributes": {
            "content": "all:\n  vars:\n    ansible_user: root\n    ansible_connection: ssh\n    ansible_ssh_private_key_file: ./mykey\n\n  hosts:\n  \n    myserver-0:\n      ansible_host: 139.59.250.249\n      mysql_root_password: ",
            "content_base64": null,
            "directory_permission": "0777",
            "file_permission": "0644",
            "filename": "inventory.yaml",
            "id": "8afef2c1c36072ea18eaac0bad78212e1ffa9195",
            "sensitive_content": null,
            "source": null
          },
          "sensitive_attributes": [],
          "private": "bnVsbA==",
          "dependencies": [
            "data.digitalocean_ssh_key.my-key",
            "digitalocean_droplet.my-droplet-from-terraform"
          ]
        }
      ]
    }
  ]
}
